
Microsoft Visual Studio Solution File, Format Version 12.00
# Visual Studio Version 17
VisualStudioVersion = 17.0.32112.339
MinimumVisualStudioVersion = 10.0.40219.1
Project("{8BC9CEB8-8B4A-11D0-8D11-00A0C91BC942}") = "Bai 0001", "Bai 0001\Bai 0001.vcxproj", "{19F3539C-86F3-4CE2-A0EF-4543695C357E}"
EndProject
Project("{8BC9CEB8-8B4A-11D0-8D11-00A0C91BC942}") = "Bai 0002", "Bai 0002\Bai 0002.vcxproj", "{FA2220E1-37AB-4497-BEB3-B5532544B03C}"
EndProject
Project("{8BC9CEB8-8B4A-11D0-8D11-00A0C91BC942}") = "Bai 0003", "Bai 0003\Bai 0003.vcxproj", "{63FA58AD-105B-45CD-A313-C0177C7194C0}"
EndProject
Project("{8BC9CEB8-8B4A-11D0-8D11-00A0C91BC942}") = "Bai 0004", "Bai 0004\Bai 0004.vcxproj", "{E2713D05-0B66-427B-87B2-84BA736D0DF3}"
EndProject
Project("{8BC9CEB8-8B4A-11D0-8D11-00A0C91BC942}") = "Bai 0005", "Bai 0005\Bai 0005.vcxproj", "{A1EF297E-217B-4DAA-850D-89B1550BB7A4}"
EndProject
Project("{8BC9CEB8-8B4A-11D0-8D11-00A0C91BC942}") = "Bai 0006", "Bai 0006\Bai 0006.vcxproj", "{EF67C3AE-6CA2-4D11-A668-A7F6DD05930A}"
EndProject
Project("{8BC9CEB8-8B4A-11D0-8D11-00A0C91BC942}") = "Bai 0007", "Bai 0007\Bai 0007.vcxproj", "{21679456-24DA-4EA1-BF84-C55349FB0C50}"
EndProject
Project("{8BC9CEB8-8B4A-11D0-8D11-00A0C91BC942}") = "Bai 0008", "Bai 0008\Bai 0008.vcxproj", "{2B00C606-96AF-4B8F-89F4-DA0364258CC4}"
EndProject
Project("{8BC9CEB8-8B4A-11D0-8D11-00A0C91BC942}") = "Bai 0009", "Bai 0009\Bai 0009.vcxproj", "{9D0F7895-1467-44A4-A812-0D94A8AE4ADA}"
EndProject
Project("{8BC9CEB8-8B4A-11D0-8D11-00A0C91BC942}") = "Bai 0010", "Bai 0010\Bai 0010.vcxproj", "{D5E868C8-D9A4-4024-BD01-66A152EE8167}"
EndProject
Project("{8BC9CEB8-8B4A-11D0-8D11-00A0C91BC942}") = "Bai 0011", "Bai 0011\Bai 0011.vcxproj", "{8E2B8A19-2631-48A9-A0BF-5B7AF7D2BCAD}"
EndProject
Project("{8BC9CEB8-8B4A-11D0-8D11-00A0C91BC942}") = "Bai 0012", "Bai 0012\Bai 0012.vcxproj", "{1625640C-7F2F-4308-B715-C76D91E34C00}"
EndProject
Project("{8BC9CEB8-8B4A-11D0-8D11-00A0C91BC942}") = "Bai 0013", "Bai 0013\Bai 0013.vcxproj", "{172D9A5C-528A-4AD0-BF65-EA701B49F9BA}"
EndProject
Project("{8BC9CEB8-8B4A-11D0-8D11-00A0C91BC942}") = "Bai 0014", "Bai 0014\Bai 0014.vcxproj", "{0DA33C67-00DD-4288-BDC1-D446635B56D9}"
EndProject
Project("{8BC9CEB8-8B4A-11D0-8D11-00A0C91BC942}") = "Bai 0015", "Bai 0015\Bai 0015.vcxproj", "{D2DC7587-5271-46E5-9516-29FD3AC7A004}"
EndProject
Project("{8BC9CEB8-8B4A-11D0-8D11-00A0C91BC942}") = "Bai 0016", "Bai 0016\Bai 0016.vcxproj", "{E1B63F0C-F8E1-4BA4-87AD-FFCCB6599442}"
EndProject
Project("{8BC9CEB8-8B4A-11D0-8D11-00A0C91BC942}") = "Bai 0017", "Bai 0017\Bai 0017.vcxproj", "{32D5947E-37A1-4C63-9797-0E14760ABEF7}"
EndProject
Project("{8BC9CEB8-8B4A-11D0-8D11-00A0C91BC942}") = "Bai 0018", "Bai 0018\Bai 0018.vcxproj", "{841ED441-F2BD-4DEE-9033-344FCAE8C8D6}"
EndProject
Project("{8BC9CEB8-8B4A-11D0-8D11-00A0C91BC942}") = "Bai 0019", "Bai 0019\Bai 0019.vcxproj", "{4B5D2A4F-E755-456B-AC7E-8140E89B1EB0}"
EndProject
Global
	GlobalSection(SolutionConfigurationPlatforms) = preSolution
		Debug|x64 = Debug|x64
		Debug|x86 = Debug|x86
		Release|x64 = Release|x64
		Release|x86 = Release|x86
	EndGlobalSection
	GlobalSection(ProjectConfigurationPlatforms) = postSolution
		{19F3539C-86F3-4CE2-A0EF-4543695C357E}.Debug|x64.ActiveCfg = Debug|x64
		{19F3539C-86F3-4CE2-A0EF-4543695C357E}.Debug|x64.Build.0 = Debug|x64
		{19F3539C-86F3-4CE2-A0EF-4543695C357E}.Debug|x86.ActiveCfg = Debug|Win32
		{19F3539C-86F3-4CE2-A0EF-4543695C357E}.Debug|x86.Build.0 = Debug|Win32
		{19F3539C-86F3-4CE2-A0EF-4543695C357E}.Release|x64.ActiveCfg = Release|x64
		{19F3539C-86F3-4CE2-A0EF-4543695C357E}.Release|x64.Build.0 = Release|x64
		{19F3539C-86F3-4CE2-A0EF-4543695C357E}.Release|x86.ActiveCfg = Release|Win32
		{19F3539C-86F3-4CE2-A0EF-4543695C357E}.Release|x86.Build.0 = Release|Win32
		{FA2220E1-37AB-4497-BEB3-B5532544B03C}.Debug|x64.ActiveCfg = Debug|x64
		{FA2220E1-37AB-4497-BEB3-B5532544B03C}.Debug|x64.Build.0 = Debug|x64
		{FA2220E1-37AB-4497-BEB3-B5532544B03C}.Debug|x86.ActiveCfg = Debug|Win32
		{FA2220E1-37AB-4497-BEB3-B5532544B03C}.Debug|x86.Build.0 = Debug|Win32
		{FA2220E1-37AB-4497-BEB3-B5532544B03C}.Release|x64.ActiveCfg = Release|x64
		{FA2220E1-37AB-4497-BEB3-B5532544B03C}.Release|x64.Build.0 = Release|x64
		{FA2220E1-37AB-4497-BEB3-B5532544B03C}.Release|x86.ActiveCfg = Release|Win32
		{FA2220E1-37AB-4497-BEB3-B5532544B03C}.Release|x86.Build.0 = Release|Win32
		{63FA58AD-105B-45CD-A313-C0177C7194C0}.Debug|x64.ActiveCfg = Debug|x64
		{63FA58AD-105B-45CD-A313-C0177C7194C0}.Debug|x64.Build.0 = Debug|x64
		{63FA58AD-105B-45CD-A313-C0177C7194C0}.Debug|x86.ActiveCfg = Debug|Win32
		{63FA58AD-105B-45CD-A313-C0177C7194C0}.Debug|x86.Build.0 = Debug|Win32
		{63FA58AD-105B-45CD-A313-C0177C7194C0}.Release|x64.ActiveCfg = Release|x64
		{63FA58AD-105B-45CD-A313-C0177C7194C0}.Release|x64.Build.0 = Release|x64
		{63FA58AD-105B-45CD-A313-C0177C7194C0}.Release|x86.ActiveCfg = Release|Win32
		{63FA58AD-105B-45CD-A313-C0177C7194C0}.Release|x86.Build.0 = Release|Win32
		{E2713D05-0B66-427B-87B2-84BA736D0DF3}.Debug|x64.ActiveCfg = Debug|x64
		{E2713D05-0B66-427B-87B2-84BA736D0DF3}.Debug|x64.Build.0 = Debug|x64
		{E2713D05-0B66-427B-87B2-84BA736D0DF3}.Debug|x86.ActiveCfg = Debug|Win32
		{E2713D05-0B66-427B-87B2-84BA736D0DF3}.Debug|x86.Build.0 = Debug|Win32
		{E2713D05-0B66-427B-87B2-84BA736D0DF3}.Release|x64.ActiveCfg = Release|x64
		{E2713D05-0B66-427B-87B2-84BA736D0DF3}.Release|x64.Build.0 = Release|x64
		{E2713D05-0B66-427B-87B2-84BA736D0DF3}.Release|x86.ActiveCfg = Release|Win32
		{E2713D05-0B66-427B-87B2-84BA736D0DF3}.Release|x86.Build.0 = Release|Win32
		{A1EF297E-217B-4DAA-850D-89B1550BB7A4}.Debug|x64.ActiveCfg = Debug|x64
		{A1EF297E-217B-4DAA-850D-89B1550BB7A4}.Debug|x64.Build.0 = Debug|x64
		{A1EF297E-217B-4DAA-850D-89B1550BB7A4}.Debug|x86.ActiveCfg = Debug|Win32
		{A1EF297E-217B-4DAA-850D-89B1550BB7A4}.Debug|x86.Build.0 = Debug|Win32
		{A1EF297E-217B-4DAA-850D-89B1550BB7A4}.Release|x64.ActiveCfg = Release|x64
		{A1EF297E-217B-4DAA-850D-89B1550BB7A4}.Release|x64.Build.0 = Release|x64
		{A1EF297E-217B-4DAA-850D-89B1550BB7A4}.Release|x86.ActiveCfg = Release|Win32
		{A1EF297E-217B-4DAA-850D-89B1550BB7A4}.Release|x86.Build.0 = Release|Win32
		{EF67C3AE-6CA2-4D11-A668-A7F6DD05930A}.Debug|x64.ActiveCfg = Debug|x64
		{EF67C3AE-6CA2-4D11-A668-A7F6DD05930A}.Debug|x64.Build.0 = Debug|x64
		{EF67C3AE-6CA2-4D11-A668-A7F6DD05930A}.Debug|x86.ActiveCfg = Debug|Win32
		{EF67C3AE-6CA2-4D11-A668-A7F6DD05930A}.Debug|x86.Build.0 = Debug|Win32
		{EF67C3AE-6CA2-4D11-A668-A7F6DD05930A}.Release|x64.ActiveCfg = Release|x64
		{EF67C3AE-6CA2-4D11-A668-A7F6DD05930A}.Release|x64.Build.0 = Release|x64
		{EF67C3AE-6CA2-4D11-A668-A7F6DD05930A}.Release|x86.ActiveCfg = Release|Win32
		{EF67C3AE-6CA2-4D11-A668-A7F6DD05930A}.Release|x86.Build.0 = Release|Win32
		{21679456-24DA-4EA1-BF84-C55349FB0C50}.Debug|x64.ActiveCfg = Debug|x64
		{21679456-24DA-4EA1-BF84-C55349FB0C50}.Debug|x64.Build.0 = Debug|x64
		{21679456-24DA-4EA1-BF84-C55349FB0C50}.Debug|x86.ActiveCfg = Debug|Win32
		{21679456-24DA-4EA1-BF84-C55349FB0C50}.Debug|x86.Build.0 = Debug|Win32
		{21679456-24DA-4EA1-BF84-C55349FB0C50}.Release|x64.ActiveCfg = Release|x64
		{21679456-24DA-4EA1-BF84-C55349FB0C50}.Release|x64.Build.0 = Release|x64
		{21679456-24DA-4EA1-BF84-C55349FB0C50}.Release|x86.ActiveCfg = Release|Win32
		{21679456-24DA-4EA1-BF84-C55349FB0C50}.Release|x86.Build.0 = Release|Win32
		{2B00C606-96AF-4B8F-89F4-DA0364258CC4}.Debug|x64.ActiveCfg = Debug|x64
		{2B00C606-96AF-4B8F-89F4-DA0364258CC4}.Debug|x64.Build.0 = Debug|x64
		{2B00C606-96AF-4B8F-89F4-DA0364258CC4}.Debug|x86.ActiveCfg = Debug|Win32
		{2B00C606-96AF-4B8F-89F4-DA0364258CC4}.Debug|x86.Build.0 = Debug|Win32
		{2B00C606-96AF-4B8F-89F4-DA0364258CC4}.Release|x64.ActiveCfg = Release|x64
		{2B00C606-96AF-4B8F-89F4-DA0364258CC4}.Release|x64.Build.0 = Release|x64
		{2B00C606-96AF-4B8F-89F4-DA0364258CC4}.Release|x86.ActiveCfg = Release|Win32
		{2B00C606-96AF-4B8F-89F4-DA0364258CC4}.Release|x86.Build.0 = Release|Win32
		{9D0F7895-1467-44A4-A812-0D94A8AE4ADA}.Debug|x64.ActiveCfg = Debug|x64
		{9D0F7895-1467-44A4-A812-0D94A8AE4ADA}.Debug|x64.Build.0 = Debug|x64
		{9D0F7895-1467-44A4-A812-0D94A8AE4ADA}.Debug|x86.ActiveCfg = Debug|Win32
		{9D0F7895-1467-44A4-A812-0D94A8AE4ADA}.Debug|x86.Build.0 = Debug|Win32
		{9D0F7895-1467-44A4-A812-0D94A8AE4ADA}.Release|x64.ActiveCfg = Release|x64
		{9D0F7895-1467-44A4-A812-0D94A8AE4ADA}.Release|x64.Build.0 = Release|x64
		{9D0F7895-1467-44A4-A812-0D94A8AE4ADA}.Release|x86.ActiveCfg = Release|Win32
		{9D0F7895-1467-44A4-A812-0D94A8AE4ADA}.Release|x86.Build.0 = Release|Win32
		{D5E868C8-D9A4-4024-BD01-66A152EE8167}.Debug|x64.ActiveCfg = Debug|x64
		{D5E868C8-D9A4-4024-BD01-66A152EE8167}.Debug|x64.Build.0 = Debug|x64
		{D5E868C8-D9A4-4024-BD01-66A152EE8167}.Debug|x86.ActiveCfg = Debug|Win32
		{D5E868C8-D9A4-4024-BD01-66A152EE8167}.Debug|x86.Build.0 = Debug|Win32
		{D5E868C8-D9A4-4024-BD01-66A152EE8167}.Release|x64.ActiveCfg = Release|x64
		{D5E868C8-D9A4-4024-BD01-66A152EE8167}.Release|x64.Build.0 = Release|x64
		{D5E868C8-D9A4-4024-BD01-66A152EE8167}.Release|x86.ActiveCfg = Release|Win32
		{D5E868C8-D9A4-4024-BD01-66A152EE8167}.Release|x86.Build.0 = Release|Win32
		{8E2B8A19-2631-48A9-A0BF-5B7AF7D2BCAD}.Debug|x64.ActiveCfg = Debug|x64
		{8E2B8A19-2631-48A9-A0BF-5B7AF7D2BCAD}.Debug|x64.Build.0 = Debug|x64
		{8E2B8A19-2631-48A9-A0BF-5B7AF7D2BCAD}.Debug|x86.ActiveCfg = Debug|Win32
		{8E2B8A19-2631-48A9-A0BF-5B7AF7D2BCAD}.Debug|x86.Build.0 = Debug|Win32
		{8E2B8A19-2631-48A9-A0BF-5B7AF7D2BCAD}.Release|x64.ActiveCfg = Release|x64
		{8E2B8A19-2631-48A9-A0BF-5B7AF7D2BCAD}.Release|x64.Build.0 = Release|x64
		{8E2B8A19-2631-48A9-A0BF-5B7AF7D2BCAD}.Release|x86.ActiveCfg = Release|Win32
		{8E2B8A19-2631-48A9-A0BF-5B7AF7D2BCAD}.Release|x86.Build.0 = Release|Win32
		{1625640C-7F2F-4308-B715-C76D91E34C00}.Debug|x64.ActiveCfg = Debug|x64
		{1625640C-7F2F-4308-B715-C76D91E34C00}.Debug|x64.Build.0 = Debug|x64
		{1625640C-7F2F-4308-B715-C76D91E34C00}.Debug|x86.ActiveCfg = Debug|Win32
		{1625640C-7F2F-4308-B715-C76D91E34C00}.Debug|x86.Build.0 = Debug|Win32
		{1625640C-7F2F-4308-B715-C76D91E34C00}.Release|x64.ActiveCfg = Release|x64
		{1625640C-7F2F-4308-B715-C76D91E34C00}.Release|x64.Build.0 = Release|x64
		{1625640C-7F2F-4308-B715-C76D91E34C00}.Release|x86.ActiveCfg = Release|Win32
		{1625640C-7F2F-4308-B715-C76D91E34C00}.Release|x86.Build.0 = Release|Win32
		{172D9A5C-528A-4AD0-BF65-EA701B49F9BA}.Debug|x64.ActiveCfg = Debug|x64
		{172D9A5C-528A-4AD0-BF65-EA701B49F9BA}.Debug|x64.Build.0 = Debug|x64
		{172D9A5C-528A-4AD0-BF65-EA701B49F9BA}.Debug|x86.ActiveCfg = Debug|Win32
		{172D9A5C-528A-4AD0-BF65-EA701B49F9BA}.Debug|x86.Build.0 = Debug|Win32
		{172D9A5C-528A-4AD0-BF65-EA701B49F9BA}.Release|x64.ActiveCfg = Release|x64
		{172D9A5C-528A-4AD0-BF65-EA701B49F9BA}.Release|x64.Build.0 = Release|x64
		{172D9A5C-528A-4AD0-BF65-EA701B49F9BA}.Release|x86.ActiveCfg = Release|Win32
		{172D9A5C-528A-4AD0-BF65-EA701B49F9BA}.Release|x86.Build.0 = Release|Win32
		{0DA33C67-00DD-4288-BDC1-D446635B56D9}.Debug|x64.ActiveCfg = Debug|x64
		{0DA33C67-00DD-4288-BDC1-D446635B56D9}.Debug|x64.Build.0 = Debug|x64
		{0DA33C67-00DD-4288-BDC1-D446635B56D9}.Debug|x86.ActiveCfg = Debug|Win32
		{0DA33C67-00DD-4288-BDC1-D446635B56D9}.Debug|x86.Build.0 = Debug|Win32
		{0DA33C67-00DD-4288-BDC1-D446635B56D9}.Release|x64.ActiveCfg = Release|x64
		{0DA33C67-00DD-4288-BDC1-D446635B56D9}.Release|x64.Build.0 = Release|x64
		{0DA33C67-00DD-4288-BDC1-D446635B56D9}.Release|x86.ActiveCfg = Release|Win32
		{0DA33C67-00DD-4288-BDC1-D446635B56D9}.Release|x86.Build.0 = Release|Win32
		{D2DC7587-5271-46E5-9516-29FD3AC7A004}.Debug|x64.ActiveCfg = Debug|x64
		{D2DC7587-5271-46E5-9516-29FD3AC7A004}.Debug|x64.Build.0 = Debug|x64
		{D2DC7587-5271-46E5-9516-29FD3AC7A004}.Debug|x86.ActiveCfg = Debug|Win32
		{D2DC7587-5271-46E5-9516-29FD3AC7A004}.Debug|x86.Build.0 = Debug|Win32
		{D2DC7587-5271-46E5-9516-29FD3AC7A004}.Release|x64.ActiveCfg = Release|x64
		{D2DC7587-5271-46E5-9516-29FD3AC7A004}.Release|x64.Build.0 = Release|x64
		{D2DC7587-5271-46E5-9516-29FD3AC7A004}.Release|x86.ActiveCfg = Release|Win32
		{D2DC7587-5271-46E5-9516-29FD3AC7A004}.Release|x86.Build.0 = Release|Win32
		{E1B63F0C-F8E1-4BA4-87AD-FFCCB6599442}.Debug|x64.ActiveCfg = Debug|x64
		{E1B63F0C-F8E1-4BA4-87AD-FFCCB6599442}.Debug|x64.Build.0 = Debug|x64
		{E1B63F0C-F8E1-4BA4-87AD-FFCCB6599442}.Debug|x86.ActiveCfg = Debug|Win32
		{E1B63F0C-F8E1-4BA4-87AD-FFCCB6599442}.Debug|x86.Build.0 = Debug|Win32
		{E1B63F0C-F8E1-4BA4-87AD-FFCCB6599442}.Release|x64.ActiveCfg = Release|x64
		{E1B63F0C-F8E1-4BA4-87AD-FFCCB6599442}.Release|x64.Build.0 = Release|x64
		{E1B63F0C-F8E1-4BA4-87AD-FFCCB6599442}.Release|x86.ActiveCfg = Release|Win32
		{E1B63F0C-F8E1-4BA4-87AD-FFCCB6599442}.Release|x86.Build.0 = Release|Win32
		{32D5947E-37A1-4C63-9797-0E14760ABEF7}.Debug|x64.ActiveCfg = Debug|x64
		{32D5947E-37A1-4C63-9797-0E14760ABEF7}.Debug|x64.Build.0 = Debug|x64
		{32D5947E-37A1-4C63-9797-0E14760ABEF7}.Debug|x86.ActiveCfg = Debug|Win32
		{32D5947E-37A1-4C63-9797-0E14760ABEF7}.Debug|x86.Build.0 = Debug|Win32
		{32D5947E-37A1-4C63-9797-0E14760ABEF7}.Release|x64.ActiveCfg = Release|x64
		{32D5947E-37A1-4C63-9797-0E14760ABEF7}.Release|x64.Build.0 = Release|x64
		{32D5947E-37A1-4C63-9797-0E14760ABEF7}.Release|x86.ActiveCfg = Release|Win32
		{32D5947E-37A1-4C63-9797-0E14760ABEF7}.Release|x86.Build.0 = Release|Win32
		{841ED441-F2BD-4DEE-9033-344FCAE8C8D6}.Debug|x64.ActiveCfg = Debug|x64
		{841ED441-F2BD-4DEE-9033-344FCAE8C8D6}.Debug|x64.Build.0 = Debug|x64
		{841ED441-F2BD-4DEE-9033-344FCAE8C8D6}.Debug|x86.ActiveCfg = Debug|Win32
		{841ED441-F2BD-4DEE-9033-344FCAE8C8D6}.Debug|x86.Build.0 = Debug|Win32
		{841ED441-F2BD-4DEE-9033-344FCAE8C8D6}.Release|x64.ActiveCfg = Release|x64
		{841ED441-F2BD-4DEE-9033-344FCAE8C8D6}.Release|x64.Build.0 = Release|x64
		{841ED441-F2BD-4DEE-9033-344FCAE8C8D6}.Release|x86.ActiveCfg = Release|Win32
		{841ED441-F2BD-4DEE-9033-344FCAE8C8D6}.Release|x86.Build.0 = Release|Win32
		{4B5D2A4F-E755-456B-AC7E-8140E89B1EB0}.Debug|x64.ActiveCfg = Debug|x64
		{4B5D2A4F-E755-456B-AC7E-8140E89B1EB0}.Debug|x64.Build.0 = Debug|x64
		{4B5D2A4F-E755-456B-AC7E-8140E89B1EB0}.Debug|x86.ActiveCfg = Debug|Win32
		{4B5D2A4F-E755-456B-AC7E-8140E89B1EB0}.Debug|x86.Build.0 = Debug|Win32
		{4B5D2A4F-E755-456B-AC7E-8140E89B1EB0}.Release|x64.ActiveCfg = Release|x64
		{4B5D2A4F-E755-456B-AC7E-8140E89B1EB0}.Release|x64.Build.0 = Release|x64
		{4B5D2A4F-E755-456B-AC7E-8140E89B1EB0}.Release|x86.ActiveCfg = Release|Win32
		{4B5D2A4F-E755-456B-AC7E-8140E89B1EB0}.Release|x86.Build.0 = Release|Win32
	EndGlobalSection
	GlobalSection(SolutionProperties) = preSolution
		HideSolutionNode = FALSE
	EndGlobalSection
	GlobalSection(ExtensibilityGlobals) = postSolution
		SolutionGuid = {AA6ABD1A-2B1B-459D-B712-913396D3F109}
	EndGlobalSection
EndGlobal
